
Microsoft Visual Studio Solution File, Format Version 12.00
# Visual Studio Version 17
VisualStudioVersion = 17.8.34408.163
MinimumVisualStudioVersion = 10.0.40219.1
Project("{FAE04EC0-301F-11D3-BF4B-00C04F79EFBC}") = "ClientChat", "ClientChat\ClientChat.csproj", "{F658C0AA-6652-49E8-8C04-AE0A84242957}"
EndProject
Project("{FAE04EC0-301F-11D3-BF4B-00C04F79EFBC}") = "ChatServer", "ChatServer\ChatServer.csproj", "{FF19D29E-CF40-4F35-B382-22267497BE87}"
EndProject
Global
	GlobalSection(SolutionConfigurationPlatforms) = preSolution
		Debug|Any CPU = Debug|Any CPU
		Release|Any CPU = Release|Any CPU
	EndGlobalSection
	GlobalSection(ProjectConfigurationPlatforms) = postSolution
		{F658C0AA-6652-49E8-8C04-AE0A84242957}.Debug|Any CPU.ActiveCfg = Debug|Any CPU
		{F658C0AA-6652-49E8-8C04-AE0A84242957}.Debug|Any CPU.Build.0 = Debug|Any CPU
		{F658C0AA-6652-49E8-8C04-AE0A84242957}.Release|Any CPU.ActiveCfg = Release|Any CPU
		{F658C0AA-6652-49E8-8C04-AE0A84242957}.Release|Any CPU.Build.0 = Release|Any CPU
		{FF19D29E-CF40-4F35-B382-22267497BE87}.Debug|Any CPU.ActiveCfg = Debug|Any CPU
		{FF19D29E-CF40-4F35-B382-22267497BE87}.Debug|Any CPU.Build.0 = Debug|Any CPU
		{FF19D29E-CF40-4F35-B382-22267497BE87}.Release|Any CPU.ActiveCfg = Release|Any CPU
		{FF19D29E-CF40-4F35-B382-22267497BE87}.Release|Any CPU.Build.0 = Release|Any CPU
	EndGlobalSection
	GlobalSection(SolutionProperties) = preSolution
		HideSolutionNode = FALSE
	EndGlobalSection
	GlobalSection(ExtensibilityGlobals) = postSolution
		SolutionGuid = {076C1D7F-86EB-4D00-98B4-9F1D4774C241}
	EndGlobalSection
EndGlobal
